<?xml version="1.0" encoding="UTF-8" standalone="yes" ?>
<CodeBlocks_project_file>
	<FileVersion major="1" minor="6" />
	<Project>
		<Option title="ProjectX" />
		<Option pch_mode="2" />
		<Option compiler="gcc" />
		<Build>
			<Target title="Debug">
				<Option output="bin/Debug/ProjectX" prefix_auto="1" extension_auto="1" />
				<Option object_output="obj/Debug/" />
				<Option type="1" />
				<Option compiler="gcc" />
				<Compiler>
					<Add option="-g" />
				</Compiler>
				<Linker>
					<Add library="C:/Program Files (x86)/CodeBlocks/MinGW/lib/libws2_32.a" />
				</Linker>
			</Target>
			<Target title="Release">
				<Option output="bin/Release/ProjectX" prefix_auto="1" extension_auto="1" />
				<Option object_output="obj/Release/" />
				<Option type="1" />
				<Option compiler="gcc" />
				<Compiler>
					<Add option="-O2" />
				</Compiler>
				<Linker>
					<Add option="-s" />
				</Linker>
			</Target>
		</Build>
		<Compiler>
			<Add option="-Wall" />
		</Compiler>
		<Linker>
			<Add library="C:/Program Files (x86)/CodeBlocks/MinGW/lib/libws2_32.a" />
			<Add library="C:/Program Files (x86)/CodeBlocks/MinGW/lib/libwsock32.a" />
			<Add library="../../../../Program Files (x86)/CodeBlocks/MinGW/lib/libmysqlclient.a" />
		</Linker>
		<Unit filename="main.c">
			<Option compilerVar="CC" />
		</Unit>
		<Unit filename="parseJSON.c">
			<Option compilerVar="CC" />
		</Unit>
		<Unit filename="parseJSON.h" />
		<Unit filename="readInfo.c">
			<Option compilerVar="CC" />
		</Unit>
		<Unit filename="readInfo.h" />
		<Unit filename="writeInfo.c">
			<Option compilerVar="CC" />
		</Unit>
		<Unit filename="writeInfo.h" />
		<Extensions>
			<code_completion />
			<envvars />
			<debugger />
			<lib_finder disable_auto="1" />
		</Extensions>
	</Project>
</CodeBlocks_project_file>
